
Microsoft Visual Studio Solution File, Format Version 12.00
# Visual Studio Version 16
VisualStudioVersion = 16.0.29806.167
MinimumVisualStudioVersion = 10.0.40219.1
Project("{8BC9CEB8-8B4A-11D0-8D11-00A0C91BC942}") = "Lighting", "Lighting.vcxproj", "{CECC3A4B-AEC1-417B-AF35-1E536B86E190}"
EndProject
Global
	GlobalSection(SolutionConfigurationPlatforms) = preSolution
		Debug|x64 = Debug|x64
		Debug|x86 = Debug|x86
		Release|x64 = Release|x64
		Release|x86 = Release|x86
	EndGlobalSection
	GlobalSection(ProjectConfigurationPlatforms) = postSolution
		{CECC3A4B-AEC1-417B-AF35-1E536B86E190}.Debug|x64.ActiveCfg = Debug|x64
		{CECC3A4B-AEC1-417B-AF35-1E536B86E190}.Debug|x64.Build.0 = Debug|x64
		{CECC3A4B-AEC1-417B-AF35-1E536B86E190}.Debug|x86.ActiveCfg = Debug|Win32
		{CECC3A4B-AEC1-417B-AF35-1E536B86E190}.Debug|x86.Build.0 = Debug|Win32
		{CECC3A4B-AEC1-417B-AF35-1E536B86E190}.Release|x64.ActiveCfg = Release|x64
		{CECC3A4B-AEC1-417B-AF35-1E536B86E190}.Release|x64.Build.0 = Release|x64
		{CECC3A4B-AEC1-417B-AF35-1E536B86E190}.Release|x86.ActiveCfg = Release|Win32
		{CECC3A4B-AEC1-417B-AF35-1E536B86E190}.Release|x86.Build.0 = Release|Win32
	EndGlobalSection
	GlobalSection(SolutionProperties) = preSolution
		HideSolutionNode = FALSE
	EndGlobalSection
	GlobalSection(ExtensibilityGlobals) = postSolution
		SolutionGuid = {CC0574AA-141F-418C-837E-C18EFA215AE5}
	EndGlobalSection
EndGlobal
